
Microsoft Visual Studio Solution File, Format Version 12.00
# Visual Studio Version 17
VisualStudioVersion = 17.14.36121.58
MinimumVisualStudioVersion = 10.0.40219.1
Project("{FAE04EC0-301F-11D3-BF4B-00C04F79EFBC}") = "CNILaser", "CNILaser\CNILaser.csproj", "{E5A3E3A0-7A66-4095-B2F6-B0F07DD41F5C}"
EndProject
Project("{D954291E-2A0B-460D-934E-DC6B0785DB48}") = "Simscop.Hardware.CNI.FourChannel", "Simscop.Hardware.CNI.FourChannel\Simscop.Hardware.CNI.FourChannel.shproj", "{2529B756-A151-497C-9F38-BEAE1D74A845}"
EndProject
Global
	GlobalSection(SolutionConfigurationPlatforms) = preSolution
		Debug|Any CPU = Debug|Any CPU
		Release|Any CPU = Release|Any CPU
	EndGlobalSection
	GlobalSection(ProjectConfigurationPlatforms) = postSolution
		{E5A3E3A0-7A66-4095-B2F6-B0F07DD41F5C}.Debug|Any CPU.ActiveCfg = Debug|Any CPU
		{E5A3E3A0-7A66-4095-B2F6-B0F07DD41F5C}.Debug|Any CPU.Build.0 = Debug|Any CPU
		{E5A3E3A0-7A66-4095-B2F6-B0F07DD41F5C}.Release|Any CPU.ActiveCfg = Release|Any CPU
		{E5A3E3A0-7A66-4095-B2F6-B0F07DD41F5C}.Release|Any CPU.Build.0 = Release|Any CPU
	EndGlobalSection
	GlobalSection(SolutionProperties) = preSolution
		HideSolutionNode = FALSE
	EndGlobalSection
	GlobalSection(ExtensibilityGlobals) = postSolution
		SolutionGuid = {8FC1DB16-0565-4E95-817E-85D07555B80D}
	EndGlobalSection
	GlobalSection(SharedMSBuildProjectFiles) = preSolution
		Simscop.Hardware.CNI.FourChannel\Simscop.Hardware.CNI.FourChannel.projitems*{2529b756-a151-497c-9f38-beae1d74a845}*SharedItemsImports = 13
		Simscop.Hardware.CNI.FourChannel\Simscop.Hardware.CNI.FourChannel.projitems*{e5a3e3a0-7a66-4095-b2f6-b0f07dd41f5c}*SharedItemsImports = 5
	EndGlobalSection
EndGlobal
